// !$*UTF8*$!
{
	archiveVersion = 1;
	classes = {
	};
	objectVersion = 50;
	objects = {

/* Begin PBXBuildFile section */
		B425126325E63D8A00281D84 /* Swapman.xcdatamodeld in Sources */ = {isa = PBXBuildFile; fileRef = B425124C25E63D8900281D84 /* Swapman.xcdatamodeld */; };
		B425126525E63D8A00281D84 /* SwapmanApp.swift in Sources */ = {isa = PBXBuildFile; fileRef = B425124E25E63D8900281D84 /* SwapmanApp.swift */; };
		B425126725E63D8A00281D84 /* ContentView.swift in Sources */ = {isa = PBXBuildFile; fileRef = B425124F25E63D8900281D84 /* ContentView.swift */; };
		B425126925E63D8A00281D84 /* Persistence.swift in Sources */ = {isa = PBXBuildFile; fileRef = B425125025E63D8900281D84 /* Persistence.swift */; };
		B425126B25E63D8A00281D84 /* Assets.xcassets in Resources */ = {isa = PBXBuildFile; fileRef = B425125125E63D8A00281D84 /* Assets.xcassets */; };
/* End PBXBuildFile section */

/* Begin PBXFileReference section */
		B425124D25E63D8900281D84 /* Shared.xcdatamodel */ = {isa = PBXFileReference; lastKnownFileType = wrapper.xcdatamodel; path = Shared.xcdatamodel; sourceTree = "<group>"; };
		B425124E25E63D8900281D84 /* SwapmanApp.swift */ = {isa = PBXFileReference; lastKnownFileType = sourcecode.swift; path = SwapmanApp.swift; sourceTree = "<group>"; };
		B425124F25E63D8900281D84 /* ContentView.swift */ = {isa = PBXFileReference; lastKnownFileType = sourcecode.swift; path = ContentView.swift; sourceTree = "<group>"; };
		B425125025E63D8900281D84 /* Persistence.swift */ = {isa = PBXFileReference; lastKnownFileType = sourcecode.swift; path = Persistence.swift; sourceTree = "<group>"; };
		B425125125E63D8A00281D84 /* Assets.xcassets */ = {isa = PBXFileReference; lastKnownFileType = folder.assetcatalog; path = Assets.xcassets; sourceTree = "<group>"; };
		B425125E25E63D8A00281D84 /* Swapman.app */ = {isa = PBXFileReference; explicitFileType = wrapper.application; includeInIndex = 0; path = Swapman.app; sourceTree = BUILT_PRODUCTS_DIR; };
		B425126025E63D8A00281D84 /* Info.plist */ = {isa = PBXFileReference; lastKnownFileType = text.plist.xml; path = Info.plist; sourceTree = "<group>"; };
		B425126125E63D8A00281D84 /* macOS.entitlements */ = {isa = PBXFileReference; lastKnownFileType = text.plist.entitlements; path = macOS.entitlements; sourceTree = "<group>"; };
		B425127625E6641000281D84 /* README.md */ = {isa = PBXFileReference; lastKnownFileType = net.daringfireball.markdown; path = README.md; sourceTree = "<group>"; };
		B425128225E68E7800281D84 /* Screenshot.jpg */ = {isa = PBXFileReference; lastKnownFileType = image.jpeg; path = Screenshot.jpg; sourceTree = "<group>"; };
		B425128425E6931200281D84 /* sponsor.jpg */ = {isa = PBXFileReference; lastKnownFileType = image.jpeg; path = sponsor.jpg; sourceTree = "<group>"; };
/* End PBXFileReference section */

/* Begin PBXFrameworksBuildPhase section */
		B425125B25E63D8A00281D84 /* Frameworks */ = {
			isa = PBXFrameworksBuildPhase;
			buildActionMask = 2147483647;
			files = (
			);
			runOnlyForDeploymentPostprocessing = 0;
		};
/* End PBXFrameworksBuildPhase section */

/* Begin PBXGroup section */
		B425124625E63D8900281D84 = {
			isa = PBXGroup;
			children = (
				B425127625E6641000281D84 /* README.md */,
				B425128225E68E7800281D84 /* Screenshot.jpg */,
				B425128425E6931200281D84 /* sponsor.jpg */,
				B425124B25E63D8900281D84 /* Shared */,
				B425125F25E63D8A00281D84 /* macOS */,
				B425125725E63D8A00281D84 /* Products */,
			);
			sourceTree = "<group>";
		};
		B425124B25E63D8900281D84 /* Shared */ = {
			isa = PBXGroup;
			children = (
				B425124E25E63D8900281D84 /* SwapmanApp.swift */,
				B425124F25E63D8900281D84 /* ContentView.swift */,
				B425125025E63D8900281D84 /* Persistence.swift */,
				B425125125E63D8A00281D84 /* Assets.xcassets */,
				B425124C25E63D8900281D84 /* Swapman.xcdatamodeld */,
			);
			path = Shared;
			sourceTree = "<group>";
		};
		B425125725E63D8A00281D84 /* Products */ = {
			isa = PBXGroup;
			children = (
				B425125E25E63D8A00281D84 /* Swapman.app */,
			);
			name = Products;
			sourceTree = "<group>";
		};
		B425125F25E63D8A00281D84 /* macOS */ = {
			isa = PBXGroup;
			children = (
				B425126025E63D8A00281D84 /* Info.plist */,
				B425126125E63D8A00281D84 /* macOS.entitlements */,
			);
			path = macOS;
			sourceTree = "<group>";
		};
/* End PBXGroup section */

/* Begin PBXNativeTarget section */
		B425125D25E63D8A00281D84 /* Swapman (macOS) */ = {
			isa = PBXNativeTarget;
			buildConfigurationList = B425127125E63D8A00281D84 /* Build configuration list for PBXNativeTarget "Swapman (macOS)" */;
			buildPhases = (
				B425125A25E63D8A00281D84 /* Sources */,
				B425125B25E63D8A00281D84 /* Frameworks */,
				B425125C25E63D8A00281D84 /* Resources */,
			);
			buildRules = (
			);
			dependencies = (
			);
			name = "Swapman (macOS)";
			productName = "Swapman (macOS)";
			productReference = B425125E25E63D8A00281D84 /* Swapman.app */;
			productType = "com.apple.product-type.application";
		};
/* End PBXNativeTarget section */

/* Begin PBXProject section */
		B425124725E63D8900281D84 /* Project object */ = {
			isa = PBXProject;
			attributes = {
				LastSwiftUpdateCheck = 1240;
				LastUpgradeCheck = 1240;
				TargetAttributes = {
					B425125D25E63D8A00281D84 = {
						CreatedOnToolsVersion = 12.4;
					};
				};
			};
			buildConfigurationList = B425124A25E63D8900281D84 /* Build configuration list for PBXProject "Swapman" */;
			compatibilityVersion = "Xcode 9.3";
			developmentRegion = en;
			hasScannedForEncodings = 0;
			knownRegions = (
				en,
				Base,
			);
			mainGroup = B425124625E63D8900281D84;
			productRefGroup = B425125725E63D8A00281D84 /* Products */;
			projectDirPath = "";
			projectRoot = "";
			targets = (
				B425125D25E63D8A00281D84 /* Swapman (macOS) */,
			);
		};
/* End PBXProject section */

/* Begin PBXResourcesBuildPhase section */
		B425125C25E63D8A00281D84 /* Resources */ = {
			isa = PBXResourcesBuildPhase;
			buildActionMask = 2147483647;
			files = (
				B425126B25E63D8A00281D84 /* Assets.xcassets in Resources */,
			);
			runOnlyForDeploymentPostprocessing = 0;
		};
/* End PBXResourcesBuildPhase section */

/* Begin PBXSourcesBuildPhase section */
		B425125A25E63D8A00281D84 /* Sources */ = {
			isa = PBXSourcesBuildPhase;
			buildActionMask = 2147483647;
			files = (
				B425126325E63D8A00281D84 /* Swapman.xcdatamodeld in Sources */,
				B425126925E63D8A00281D84 /* Persistence.swift in Sources */,
				B425126525E63D8A00281D84 /* SwapmanApp.swift in Sources */,
				B425126725E63D8A00281D84 /* ContentView.swift in Sources */,
			);
			runOnlyForDeploymentPostprocessing = 0;
		};
/* End PBXSourcesBuildPhase section */

/* Begin XCBuildConfiguration section */
		B425126C25E63D8A00281D84 /* Debug */ = {
			isa = XCBuildConfiguration;
			buildSettings = {
				ALWAYS_SEARCH_USER_PATHS = NO;
				CLANG_ANALYZER_NONNULL = YES;
				CLANG_ANALYZER_NUMBER_OBJECT_CONVERSION = YES_AGGRESSIVE;
				CLANG_CXX_LANGUAGE_STANDARD = "gnu++14";
				CLANG_CXX_LIBRARY = "libc++";
				CLANG_ENABLE_MODULES = YES;
				CLANG_ENABLE_OBJC_ARC = YES;
				CLANG_ENABLE_OBJC_WEAK = YES;
				CLANG_WARN_BLOCK_CAPTURE_AUTORELEASING = YES;
				CLANG_WARN_BOOL_CONVERSION = YES;
				CLANG_WARN_COMMA = YES;
				CLANG_WARN_CONSTANT_CONVERSION = YES;
				CLANG_WARN_DEPRECATED_OBJC_IMPLEMENTATIONS = YES;
				CLANG_WARN_DIRECT_OBJC_ISA_USAGE = YES_ERROR;
				CLANG_WARN_DOCUMENTATION_COMMENTS = YES;
				CLANG_WARN_EMPTY_BODY = YES;
				CLANG_WARN_ENUM_CONVERSION = YES;
				CLANG_WARN_INFINITE_RECURSION = YES;
				CLANG_WARN_INT_CONVERSION = YES;
				CLANG_WARN_NON_LITERAL_NULL_CONVERSION = YES;
				CLANG_WARN_OBJC_IMPLICIT_RETAIN_SELF = YES;
				CLANG_WARN_OBJC_LITERAL_CONVERSION = YES;
				CLANG_WARN_OBJC_ROOT_CLASS = YES_ERROR;
				CLANG_WARN_QUOTED_INCLUDE_IN_FRAMEWORK_HEADER = YES;
				CLANG_WARN_RANGE_LOOP_ANALYSIS = YES;
				CLANG_WARN_STRICT_PROTOTYPES = YES;
				CLANG_WARN_SUSPICIOUS_MOVE = YES;
				CLANG_WARN_UNGUARDED_AVAILABILITY = YES_AGGRESSIVE;
				CLANG_WARN_UNREACHABLE_CODE = YES;
				CLANG_WARN__DUPLICATE_METHOD_MATCH = YES;
				COPY_PHASE_STRIP = NO;
				DEBUG_INFORMATION_FORMAT = dwarf;
				ENABLE_STRICT_OBJC_MSGSEND = YES;
				ENABLE_TESTABILITY = YES;
				GCC_C_LANGUAGE_STANDARD = gnu11;
				GCC_DYNAMIC_NO_PIC = NO;
				GCC_NO_COMMON_BLOCKS = YES;
				GCC_OPTIMIZATION_LEVEL = 0;
				GCC_PREPROCESSOR_DEFINITIONS = (
					"DEBUG=1",
					"$(inherited)",
				);
				GCC_WARN_64_TO_32_BIT_CONVERSION = YES;
				GCC_WARN_ABOUT_RETURN_TYPE = YES_ERROR;
				GCC_WARN_UNDECLARED_SELECTOR = YES;
				GCC_WARN_UNINITIALIZED_AUTOS = YES_AGGRESSIVE;
				GCC_WARN_UNUSED_FUNCTION = YES;
				GCC_WARN_UNUSED_VARIABLE = YES;
				MTL_ENABLE_DEBUG_INFO = INCLUDE_SOURCE;
				MTL_FAST_MATH = YES;
				ONLY_ACTIVE_ARCH = YES;
				SWIFT_ACTIVE_COMPILATION_CONDITIONS = DEBUG;
				SWIFT_OPTIMIZATION_LEVEL = "-Onone";
			};
			name = Debug;
		};
		B425126D25E63D8A00281D84 /* Release */ = {
			isa = XCBuildConfiguration;
			buildSettings = {
				ALWAYS_SEARCH_USER_PATHS = NO;
				CLANG_ANALYZER_NONNULL = YES;
				CLANG_ANALYZER_NUMBER_OBJECT_CONVERSION = YES_AGGRESSIVE;
				CLANG_CXX_LANGUAGE_STANDARD = "gnu++14";
				CLANG_CXX_LIBRARY = "libc++";
				CLANG_ENABLE_MODULES = YES;
				CLANG_ENABLE_OBJC_ARC = YES;
				CLANG_ENABLE_OBJC_WEAK = YES;
				CLANG_WARN_BLOCK_CAPTURE_AUTORELEASING = YES;
				CLANG_WARN_BOOL_CONVERSION = YES;
				CLANG_WARN_COMMA = YES;
				CLANG_WARN_CONSTANT_CONVERSION = YES;
				CLANG_WARN_DEPRECATED_OBJC_IMPLEMENTATIONS = YES;
				CLANG_WARN_DIRECT_OBJC_ISA_USAGE = YES_ERROR;
				CLANG_WARN_DOCUMENTATION_COMMENTS = YES;
				CLANG_WARN_EMPTY_BODY = YES;
				CLANG_WARN_ENUM_CONVERSION = YES;
				CLANG_WARN_INFINITE_RECURSION = YES;
				CLANG_WARN_INT_CONVERSION = YES;
				CLANG_WARN_NON_LITERAL_NULL_CONVERSION = YES;
				CLANG_WARN_OBJC_IMPLICIT_RETAIN_SELF = YES;
				CLANG_WARN_OBJC_LITERAL_CONVERSION = YES;
				CLANG_WARN_OBJC_ROOT_CLASS = YES_ERROR;
				CLANG_WARN_QUOTED_INCLUDE_IN_FRAMEWORK_HEADER = YES;
				CLANG_WARN_RANGE_LOOP_ANALYSIS = YES;
				CLANG_WARN_STRICT_PROTOTYPES = YES;
				CLANG_WARN_SUSPICIOUS_MOVE = YES;
				CLANG_WARN_UNGUARDED_AVAILABILITY = YES_AGGRESSIVE;
				CLANG_WARN_UNREACHABLE_CODE = YES;
				CLANG_WARN__DUPLICATE_METHOD_MATCH = YES;
				COPY_PHASE_STRIP = NO;
				DEBUG_INFORMATION_FORMAT = "dwarf-with-dsym";
				ENABLE_NS_ASSERTIONS = NO;
				ENABLE_STRICT_OBJC_MSGSEND = YES;
				GCC_C_LANGUAGE_STANDARD = gnu11;
				GCC_NO_COMMON_BLOCKS = YES;
				GCC_WARN_64_TO_32_BIT_CONVERSION = YES;
				GCC_WARN_ABOUT_RETURN_TYPE = YES_ERROR;
				GCC_WARN_UNDECLARED_SELECTOR = YES;
				GCC_WARN_UNINITIALIZED_AUTOS = YES_AGGRESSIVE;
				GCC_WARN_UNUSED_FUNCTION = YES;
				GCC_WARN_UNUSED_VARIABLE = YES;
				MTL_ENABLE_DEBUG_INFO = NO;
				MTL_FAST_MATH = YES;
				SWIFT_COMPILATION_MODE = wholemodule;
				SWIFT_OPTIMIZATION_LEVEL = "-O";
			};
			name = Release;
		};
		B425127225E63D8A00281D84 /* Debug */ = {
			isa = XCBuildConfiguration;
			buildSettings = {
				ASSETCATALOG_COMPILER_APPICON_NAME = AppIcon;
				ASSETCATALOG_COMPILER_GLOBAL_ACCENT_COLOR_NAME = AccentColor;
				CODE_SIGN_ENTITLEMENTS = macOS/macOS.entitlements;
				CODE_SIGN_STYLE = Automatic;
				COMBINE_HIDPI_IMAGES = YES;
				CURRENT_PROJECT_VERSION = 3;
				DEVELOPMENT_TEAM = 67Q6744L7B;
				ENABLE_HARDENED_RUNTIME = YES;
				ENABLE_PREVIEWS = YES;
				INFOPLIST_FILE = macOS/Info.plist;
				LD_RUNPATH_SEARCH_PATHS = (
					"$(inherited)",
					"@executable_path/../Frameworks",
				);
				MACOSX_DEPLOYMENT_TARGET = 11.0;
				MARKETING_VERSION = 1.1;
				PRODUCT_BUNDLE_IDENTIFIER = tech.baye.Swapman;
				PRODUCT_NAME = Swapman;
				SDKROOT = macosx;
				SWIFT_VERSION = 5.0;
			};
			name = Debug;
		};
		B425127325E63D8A00281D84 /* Release */ = {
			isa = XCBuildConfiguration;
			buildSettings = {
				ASSETCATALOG_COMPILER_APPICON_NAME = AppIcon;
				ASSETCATALOG_COMPILER_GLOBAL_ACCENT_COLOR_NAME = AccentColor;
				CODE_SIGN_ENTITLEMENTS = macOS/macOS.entitlements;
				CODE_SIGN_STYLE = Automatic;
				COMBINE_HIDPI_IMAGES = YES;
				CURRENT_PROJECT_VERSION = 3;
				DEVELOPMENT_TEAM = 67Q6744L7B;
				ENABLE_HARDENED_RUNTIME = YES;
				ENABLE_PREVIEWS = YES;
				INFOPLIST_FILE = macOS/Info.plist;
				LD_RUNPATH_SEARCH_PATHS = (
					"$(inherited)",
					"@executable_path/../Frameworks",
				);
				MACOSX_DEPLOYMENT_TARGET = 11.0;
				MARKETING_VERSION = 1.1;
				PRODUCT_BUNDLE_IDENTIFIER = tech.baye.Swapman;
				PRODUCT_NAME = Swapman;
				SDKROOT = macosx;
				SWIFT_VERSION = 5.0;
			};
			name = Release;
		};
/* End XCBuildConfiguration section */

/* Begin XCConfigurationList section */
		B425124A25E63D8900281D84 /* Build configuration list for PBXProject "Swapman" */ = {
			isa = XCConfigurationList;
			buildConfigurations = (
				B425126C25E63D8A00281D84 /* Debug */,
				B425126D25E63D8A00281D84 /* Release */,
			);
			defaultConfigurationIsVisible = 0;
			defaultConfigurationName = Release;
		};
		B425127125E63D8A00281D84 /* Build configuration list for PBXNativeTarget "Swapman (macOS)" */ = {
			isa = XCConfigurationList;
			buildConfigurations = (
				B425127225E63D8A00281D84 /* Debug */,
				B425127325E63D8A00281D84 /* Release */,
			);
			defaultConfigurationIsVisible = 0;
			defaultConfigurationName = Release;
		};
/* End XCConfigurationList section */

/* Begin XCVersionGroup section */
		B425124C25E63D8900281D84 /* Swapman.xcdatamodeld */ = {
			isa = XCVersionGroup;
			children = (
				B425124D25E63D8900281D84 /* Shared.xcdatamodel */,
			);
			currentVersion = B425124D25E63D8900281D84 /* Shared.xcdatamodel */;
			path = Swapman.xcdatamodeld;
			sourceTree = "<group>";
			versionGroupType = wrapper.xcdatamodel;
		};
/* End XCVersionGroup section */
	};
	rootObject = B425124725E63D8900281D84 /* Project object */;
}
